
Microsoft Visual Studio Solution File, Format Version 12.00
# Visual Studio Version 17
VisualStudioVersion = 17.7.34024.191
MinimumVisualStudioVersion = 10.0.40219.1
Project("{9A19103F-16F7-4668-BE54-9A1E7A4F7556}") = "JsonDictionary", "JsonDictionary.csproj", "{C8C80A89-1E46-440F-914F-0CF3E5116343}"
EndProject
Project("{9A19103F-16F7-4668-BE54-9A1E7A4F7556}") = "JsonDirectory.Test", "..\JsonDirectory.Test\JsonDirectory.Test.csproj", "{CF64B6B6-E5D0-46B8-A1FC-9FB70D646133}"
EndProject
Global
	GlobalSection(SolutionConfigurationPlatforms) = preSolution
		Debug|Any CPU = Debug|Any CPU
		Release|Any CPU = Release|Any CPU
	EndGlobalSection
	GlobalSection(ProjectConfigurationPlatforms) = postSolution
		{C8C80A89-1E46-440F-914F-0CF3E5116343}.Debug|Any CPU.ActiveCfg = Debug|Any CPU
		{C8C80A89-1E46-440F-914F-0CF3E5116343}.Debug|Any CPU.Build.0 = Debug|Any CPU
		{C8C80A89-1E46-440F-914F-0CF3E5116343}.Release|Any CPU.ActiveCfg = Release|Any CPU
		{C8C80A89-1E46-440F-914F-0CF3E5116343}.Release|Any CPU.Build.0 = Release|Any CPU
		{CF64B6B6-E5D0-46B8-A1FC-9FB70D646133}.Debug|Any CPU.ActiveCfg = Debug|Any CPU
		{CF64B6B6-E5D0-46B8-A1FC-9FB70D646133}.Debug|Any CPU.Build.0 = Debug|Any CPU
		{CF64B6B6-E5D0-46B8-A1FC-9FB70D646133}.Release|Any CPU.ActiveCfg = Release|Any CPU
		{CF64B6B6-E5D0-46B8-A1FC-9FB70D646133}.Release|Any CPU.Build.0 = Release|Any CPU
	EndGlobalSection
	GlobalSection(SolutionProperties) = preSolution
		HideSolutionNode = FALSE
	EndGlobalSection
	GlobalSection(ExtensibilityGlobals) = postSolution
		SolutionGuid = {B1CB5603-0CC7-4F32-B42D-E1A8524A3014}
	EndGlobalSection
EndGlobal
